// !$*UTF8*$!
{
	archiveVersion = 1;
	classes = {
	};
	objectVersion = 46;
	objects = {

/* Begin PBXBuildFile section */
		2318CCC71A62B5280098A9FC /* APDocument.m in Sources */ = {isa = PBXBuildFile; fileRef = 2318CCC61A62B5280098A9FC /* APDocument.m */; };
		2318CCCA1A62B5A70098A9FC /* APElement.m in Sources */ = {isa = PBXBuildFile; fileRef = 2318CCC91A62B5A70098A9FC /* APElement.m */; };
		2318CCCD1A62B5E80098A9FC /* APAttribute.m in Sources */ = {isa = PBXBuildFile; fileRef = 2318CCCC1A62B5E80098A9FC /* APAttribute.m */; };
		2349E0BB1A47919B00F33631 /* secondView.m in Sources */ = {isa = PBXBuildFile; fileRef = 2349E0B91A47919B00F33631 /* secondView.m */; };
		2349E0BC1A47919B00F33631 /* secondView.xib in Resources */ = {isa = PBXBuildFile; fileRef = 2349E0BA1A47919B00F33631 /* secondView.xib */; };
		2361EA5F1A597C4E0060B49B /* testView.m in Sources */ = {isa = PBXBuildFile; fileRef = 2361EA5D1A597C4E0060B49B /* testView.m */; };
		23A573FD1A6321E10021759E /* MyDocument.m in Sources */ = {isa = PBXBuildFile; fileRef = 23A573FC1A6321E10021759E /* MyDocument.m */; };
		23A58B6D1A48CE43002567FC /* libsqlite3.0.dylib in Frameworks */ = {isa = PBXBuildFile; fileRef = 23A58B6C1A48CE43002567FC /* libsqlite3.0.dylib */; };
		23A7D2B41A5D84B1002CEF8E /* CloudKit.framework in Frameworks */ = {isa = PBXBuildFile; fileRef = 23A7D2B31A5D84B1002CEF8E /* CloudKit.framework */; };
		23A9FE951A586C2B00E76335 /* searchNameView.m in Sources */ = {isa = PBXBuildFile; fileRef = 23A9FE931A586C2B00E76335 /* searchNameView.m */; };
		23A9FE961A586C2B00E76335 /* searchNameView.xib in Resources */ = {isa = PBXBuildFile; fileRef = 23A9FE941A586C2B00E76335 /* searchNameView.xib */; };
		23C03E3A1A3F9B3B00A54855 /* ViewController.m in Sources */ = {isa = PBXBuildFile; fileRef = 23C03E381A3F9B3B00A54855 /* ViewController.m */; };
		23C03E3B1A3F9B3B00A54855 /* ViewController.xib in Resources */ = {isa = PBXBuildFile; fileRef = 23C03E391A3F9B3B00A54855 /* ViewController.xib */; };
		23EFC5581A3F40F1003667D0 /* Foundation.framework in Frameworks */ = {isa = PBXBuildFile; fileRef = 23EFC5571A3F40F1003667D0 /* Foundation.framework */; };
		23EFC55A1A3F40F1003667D0 /* CoreGraphics.framework in Frameworks */ = {isa = PBXBuildFile; fileRef = 23EFC5591A3F40F1003667D0 /* CoreGraphics.framework */; };
		23EFC55C1A3F40F1003667D0 /* UIKit.framework in Frameworks */ = {isa = PBXBuildFile; fileRef = 23EFC55B1A3F40F1003667D0 /* UIKit.framework */; };
		23EFC5621A3F40F1003667D0 /* InfoPlist.strings in Resources */ = {isa = PBXBuildFile; fileRef = 23EFC5601A3F40F1003667D0 /* InfoPlist.strings */; };
		23EFC5641A3F40F1003667D0 /* main.m in Sources */ = {isa = PBXBuildFile; fileRef = 23EFC5631A3F40F1003667D0 /* main.m */; };
		23EFC5681A3F40F1003667D0 /* AppDelegate.m in Sources */ = {isa = PBXBuildFile; fileRef = 23EFC5671A3F40F1003667D0 /* AppDelegate.m */; };
		23EFC56A1A3F40F1003667D0 /* Images.xcassets in Resources */ = {isa = PBXBuildFile; fileRef = 23EFC5691A3F40F1003667D0 /* Images.xcassets */; };
		23EFC5711A3F40F1003667D0 /* XCTest.framework in Frameworks */ = {isa = PBXBuildFile; fileRef = 23EFC5701A3F40F1003667D0 /* XCTest.framework */; };
		23EFC5721A3F40F1003667D0 /* Foundation.framework in Frameworks */ = {isa = PBXBuildFile; fileRef = 23EFC5571A3F40F1003667D0 /* Foundation.framework */; };
		23EFC5731A3F40F1003667D0 /* UIKit.framework in Frameworks */ = {isa = PBXBuildFile; fileRef = 23EFC55B1A3F40F1003667D0 /* UIKit.framework */; };
		23EFC57B1A3F40F1003667D0 /* InfoPlist.strings in Resources */ = {isa = PBXBuildFile; fileRef = 23EFC5791A3F40F1003667D0 /* InfoPlist.strings */; };
		23EFC57D1A3F40F1003667D0 /* GoldenScissorsTests.m in Sources */ = {isa = PBXBuildFile; fileRef = 23EFC57C1A3F40F1003667D0 /* GoldenScissorsTests.m */; };
		23EFC5891A3F4110003667D0 /* TableViewController.m in Sources */ = {isa = PBXBuildFile; fileRef = 23EFC5871A3F4110003667D0 /* TableViewController.m */; };
		23EFC58A1A3F4110003667D0 /* TableViewController.xib in Resources */ = {isa = PBXBuildFile; fileRef = 23EFC5881A3F4110003667D0 /* TableViewController.xib */; };
/* End PBXBuildFile section */

/* Begin PBXContainerItemProxy section */
		23EFC5741A3F40F1003667D0 /* PBXContainerItemProxy */ = {
			isa = PBXContainerItemProxy;
			containerPortal = 23EFC54C1A3F40F1003667D0 /* Project object */;
			proxyType = 1;
			remoteGlobalIDString = 23EFC5531A3F40F1003667D0;
			remoteInfo = GoldenScissors;
		};
/* End PBXContainerItemProxy section */

/* Begin PBXFileReference section */
		2318CCC51A62B4CA0098A9FC /* APDocument.h */ = {isa = PBXFileReference; lastKnownFileType = sourcecode.c.h; name = APDocument.h; path = ../APDocument.h; sourceTree = "<group>"; };
		2318CCC61A62B5280098A9FC /* APDocument.m */ = {isa = PBXFileReference; fileEncoding = 4; lastKnownFileType = sourcecode.c.objc; name = APDocument.m; path = ../APDocument.m; sourceTree = "<group>"; };
		2318CCC81A62B56A0098A9FC /* APElement.h */ = {isa = PBXFileReference; lastKnownFileType = sourcecode.c.h; name = APElement.h; path = ../APElement.h; sourceTree = "<group>"; };
		2318CCC91A62B5A70098A9FC /* APElement.m */ = {isa = PBXFileReference; fileEncoding = 4; lastKnownFileType = sourcecode.c.objc; name = APElement.m; path = ../APElement.m; sourceTree = "<group>"; };
		2318CCCB1A62B5CD0098A9FC /* APAttribute.h */ = {isa = PBXFileReference; lastKnownFileType = sourcecode.c.h; name = APAttribute.h; path = ../APAttribute.h; sourceTree = "<group>"; };
		2318CCCC1A62B5E80098A9FC /* APAttribute.m */ = {isa = PBXFileReference; fileEncoding = 4; lastKnownFileType = sourcecode.c.objc; name = APAttribute.m; path = ../APAttribute.m; sourceTree = "<group>"; };
		2318CCCE1A62B88A0098A9FC /* APXML.h */ = {isa = PBXFileReference; lastKnownFileType = sourcecode.c.h; name = APXML.h; path = ../APXML.h; sourceTree = "<group>"; };
		2349E0B81A47919B00F33631 /* secondView.h */ = {isa = PBXFileReference; fileEncoding = 4; lastKnownFileType = sourcecode.c.h; name = secondView.h; path = ../secondView.h; sourceTree = "<group>"; };
		2349E0B91A47919B00F33631 /* secondView.m */ = {isa = PBXFileReference; fileEncoding = 4; lastKnownFileType = sourcecode.c.objc; name = secondView.m; path = ../secondView.m; sourceTree = "<group>"; };
		2349E0BA1A47919B00F33631 /* secondView.xib */ = {isa = PBXFileReference; fileEncoding = 4; lastKnownFileType = file.xib; name = secondView.xib; path = ../secondView.xib; sourceTree = "<group>"; };
		2361EA5C1A597C4E0060B49B /* testView.h */ = {isa = PBXFileReference; fileEncoding = 4; lastKnownFileType = sourcecode.c.h; name = testView.h; path = ../testView.h; sourceTree = "<group>"; };
		2361EA5D1A597C4E0060B49B /* testView.m */ = {isa = PBXFileReference; fileEncoding = 4; lastKnownFileType = sourcecode.c.objc; name = testView.m; path = ../testView.m; sourceTree = "<group>"; };
		23A573FB1A6321720021759E /* MyDocument.h */ = {isa = PBXFileReference; lastKnownFileType = sourcecode.c.h; name = MyDocument.h; path = ../MyDocument.h; sourceTree = "<group>"; };
		23A573FC1A6321E10021759E /* MyDocument.m */ = {isa = PBXFileReference; fileEncoding = 4; lastKnownFileType = sourcecode.c.objc; name = MyDocument.m; path = ../MyDocument.m; sourceTree = "<group>"; };
		23A58B681A48BF87002567FC /* libsqlite3.dylib */ = {isa = PBXFileReference; lastKnownFileType = "compiled.mach-o.dylib"; name = libsqlite3.dylib; path = usr/lib/libsqlite3.dylib; sourceTree = SDKROOT; };
		23A58B6C1A48CE43002567FC /* libsqlite3.0.dylib */ = {isa = PBXFileReference; lastKnownFileType = "compiled.mach-o.dylib"; name = libsqlite3.0.dylib; path = usr/lib/libsqlite3.0.dylib; sourceTree = SDKROOT; };
		23A7D2B21A5D8463002CEF8E /* GoldenScissors.entitlements */ = {isa = PBXFileReference; lastKnownFileType = text.xml; name = GoldenScissors.entitlements; path = GoldenScissors/GoldenScissors.entitlements; sourceTree = "<group>"; };
		23A7D2B31A5D84B1002CEF8E /* CloudKit.framework */ = {isa = PBXFileReference; lastKnownFileType = wrapper.framework; name = CloudKit.framework; path = System/Library/Frameworks/CloudKit.framework; sourceTree = SDKROOT; };
		23A9FE921A586C2B00E76335 /* searchNameView.h */ = {isa = PBXFileReference; fileEncoding = 4; lastKnownFileType = sourcecode.c.h; name = searchNameView.h; path = ../searchNameView.h; sourceTree = "<group>"; };
		23A9FE931A586C2B00E76335 /* searchNameView.m */ = {isa = PBXFileReference; fileEncoding = 4; lastKnownFileType = sourcecode.c.objc; name = searchNameView.m; path = ../searchNameView.m; sourceTree = "<group>"; };
		23A9FE941A586C2B00E76335 /* searchNameView.xib */ = {isa = PBXFileReference; fileEncoding = 4; lastKnownFileType = file.xib; name = searchNameView.xib; path = ../searchNameView.xib; sourceTree = "<group>"; };
		23C03E371A3F9B3B00A54855 /* ViewController.h */ = {isa = PBXFileReference; fileEncoding = 4; lastKnownFileType = sourcecode.c.h; name = ViewController.h; path = ../ViewController.h; sourceTree = "<group>"; };
		23C03E381A3F9B3B00A54855 /* ViewController.m */ = {isa = PBXFileReference; fileEncoding = 4; lastKnownFileType = sourcecode.c.objc; name = ViewController.m; path = ../ViewController.m; sourceTree = "<group>"; };
		23C03E391A3F9B3B00A54855 /* ViewController.xib */ = {isa = PBXFileReference; fileEncoding = 4; lastKnownFileType = file.xib; name = ViewController.xib; path = ../ViewController.xib; sourceTree = "<group>"; };
		23EFC5541A3F40F1003667D0 /* GoldenScissors.app */ = {isa = PBXFileReference; explicitFileType = wrapper.application; includeInIndex = 0; path = GoldenScissors.app; sourceTree = BUILT_PRODUCTS_DIR; };
		23EFC5571A3F40F1003667D0 /* Foundation.framework */ = {isa = PBXFileReference; lastKnownFileType = wrapper.framework; name = Foundation.framework; path = System/Library/Frameworks/Foundation.framework; sourceTree = SDKROOT; };
		23EFC5591A3F40F1003667D0 /* CoreGraphics.framework */ = {isa = PBXFileReference; lastKnownFileType = wrapper.framework; name = CoreGraphics.framework; path = System/Library/Frameworks/CoreGraphics.framework; sourceTree = SDKROOT; };
		23EFC55B1A3F40F1003667D0 /* UIKit.framework */ = {isa = PBXFileReference; lastKnownFileType = wrapper.framework; name = UIKit.framework; path = System/Library/Frameworks/UIKit.framework; sourceTree = SDKROOT; };
		23EFC55F1A3F40F1003667D0 /* GoldenScissors-Info.plist */ = {isa = PBXFileReference; lastKnownFileType = text.plist.xml; path = "GoldenScissors-Info.plist"; sourceTree = "<group>"; };
		23EFC5611A3F40F1003667D0 /* en */ = {isa = PBXFileReference; lastKnownFileType = text.plist.strings; name = en; path = en.lproj/InfoPlist.strings; sourceTree = "<group>"; };
		23EFC5631A3F40F1003667D0 /* main.m */ = {isa = PBXFileReference; lastKnownFileType = sourcecode.c.objc; path = main.m; sourceTree = "<group>"; };
		23EFC5651A3F40F1003667D0 /* GoldenScissors-Prefix.pch */ = {isa = PBXFileReference; lastKnownFileType = sourcecode.c.h; path = "GoldenScissors-Prefix.pch"; sourceTree = "<group>"; };
		23EFC5661A3F40F1003667D0 /* AppDelegate.h */ = {isa = PBXFileReference; lastKnownFileType = sourcecode.c.h; path = AppDelegate.h; sourceTree = "<group>"; };
		23EFC5671A3F40F1003667D0 /* AppDelegate.m */ = {isa = PBXFileReference; lastKnownFileType = sourcecode.c.objc; path = AppDelegate.m; sourceTree = "<group>"; };
		23EFC5691A3F40F1003667D0 /* Images.xcassets */ = {isa = PBXFileReference; lastKnownFileType = folder.assetcatalog; path = Images.xcassets; sourceTree = "<group>"; };
		23EFC56F1A3F40F1003667D0 /* GoldenScissorsTests.xctest */ = {isa = PBXFileReference; explicitFileType = wrapper.cfbundle; includeInIndex = 0; path = GoldenScissorsTests.xctest; sourceTree = BUILT_PRODUCTS_DIR; };
		23EFC5701A3F40F1003667D0 /* XCTest.framework */ = {isa = PBXFileReference; lastKnownFileType = wrapper.framework; name = XCTest.framework; path = Library/Frameworks/XCTest.framework; sourceTree = DEVELOPER_DIR; };
		23EFC5781A3F40F1003667D0 /* GoldenScissorsTests-Info.plist */ = {isa = PBXFileReference; lastKnownFileType = text.plist.xml; path = "GoldenScissorsTests-Info.plist"; sourceTree = "<group>"; };
		23EFC57A1A3F40F1003667D0 /* en */ = {isa = PBXFileReference; lastKnownFileType = text.plist.strings; name = en; path = en.lproj/InfoPlist.strings; sourceTree = "<group>"; };
		23EFC57C1A3F40F1003667D0 /* GoldenScissorsTests.m */ = {isa = PBXFileReference; lastKnownFileType = sourcecode.c.objc; path = GoldenScissorsTests.m; sourceTree = "<group>"; };
		23EFC5861A3F4110003667D0 /* TableViewController.h */ = {isa = PBXFileReference; fileEncoding = 4; lastKnownFileType = sourcecode.c.h; name = TableViewController.h; path = ../TableViewController.h; sourceTree = "<group>"; };
		23EFC5871A3F4110003667D0 /* TableViewController.m */ = {isa = PBXFileReference; fileEncoding = 4; lastKnownFileType = sourcecode.c.objc; name = TableViewController.m; path = ../TableViewController.m; sourceTree = "<group>"; };
		23EFC5881A3F4110003667D0 /* TableViewController.xib */ = {isa = PBXFileReference; fileEncoding = 4; lastKnownFileType = file.xib; name = TableViewController.xib; path = ../TableViewController.xib; sourceTree = "<group>"; };
/* End PBXFileReference section */

/* Begin PBXFrameworksBuildPhase section */
		23EFC5511A3F40F1003667D0 /* Frameworks */ = {
			isa = PBXFrameworksBuildPhase;
			buildActionMask = 2147483647;
			files = (
				23A7D2B41A5D84B1002CEF8E /* CloudKit.framework in Frameworks */,
				23A58B6D1A48CE43002567FC /* libsqlite3.0.dylib in Frameworks */,
				23EFC55A1A3F40F1003667D0 /* CoreGraphics.framework in Frameworks */,
				23EFC55C1A3F40F1003667D0 /* UIKit.framework in Frameworks */,
				23EFC5581A3F40F1003667D0 /* Foundation.framework in Frameworks */,
			);
			runOnlyForDeploymentPostprocessing = 0;
		};
		23EFC56C1A3F40F1003667D0 /* Frameworks */ = {
			isa = PBXFrameworksBuildPhase;
			buildActionMask = 2147483647;
			files = (
				23EFC5711A3F40F1003667D0 /* XCTest.framework in Frameworks */,
				23EFC5731A3F40F1003667D0 /* UIKit.framework in Frameworks */,
				23EFC5721A3F40F1003667D0 /* Foundation.framework in Frameworks */,
			);
			runOnlyForDeploymentPostprocessing = 0;
		};
/* End PBXFrameworksBuildPhase section */

/* Begin PBXGroup section */
		23EFC54B1A3F40F1003667D0 = {
			isa = PBXGroup;
			children = (
				23A7D2B21A5D8463002CEF8E /* GoldenScissors.entitlements */,
				23EFC55D1A3F40F1003667D0 /* GoldenBastard */,
				23EFC5761A3F40F1003667D0 /* GoldenScissorsTests */,
				23EFC5561A3F40F1003667D0 /* Frameworks */,
				23EFC5551A3F40F1003667D0 /* Products */,
			);
			sourceTree = "<group>";
		};
		23EFC5551A3F40F1003667D0 /* Products */ = {
			isa = PBXGroup;
			children = (
				23EFC5541A3F40F1003667D0 /* GoldenScissors.app */,
				23EFC56F1A3F40F1003667D0 /* GoldenScissorsTests.xctest */,
			);
			name = Products;
			sourceTree = "<group>";
		};
		23EFC5561A3F40F1003667D0 /* Frameworks */ = {
			isa = PBXGroup;
			children = (
				23A7D2B31A5D84B1002CEF8E /* CloudKit.framework */,
				23A58B6C1A48CE43002567FC /* libsqlite3.0.dylib */,
				23A58B681A48BF87002567FC /* libsqlite3.dylib */,
				23EFC5571A3F40F1003667D0 /* Foundation.framework */,
				23EFC5591A3F40F1003667D0 /* CoreGraphics.framework */,
				23EFC55B1A3F40F1003667D0 /* UIKit.framework */,
				23EFC5701A3F40F1003667D0 /* XCTest.framework */,
			);
			name = Frameworks;
			sourceTree = "<group>";
		};
		23EFC55D1A3F40F1003667D0 /* GoldenBastard */ = {
			isa = PBXGroup;
			children = (
				2318CCCE1A62B88A0098A9FC /* APXML.h */,
				23A573FB1A6321720021759E /* MyDocument.h */,
				23A573FC1A6321E10021759E /* MyDocument.m */,
				2318CCCB1A62B5CD0098A9FC /* APAttribute.h */,
				2318CCCC1A62B5E80098A9FC /* APAttribute.m */,
				2318CCC81A62B56A0098A9FC /* APElement.h */,
				2318CCC91A62B5A70098A9FC /* APElement.m */,
				2318CCC51A62B4CA0098A9FC /* APDocument.h */,
				2318CCC61A62B5280098A9FC /* APDocument.m */,
				23EFC5661A3F40F1003667D0 /* AppDelegate.h */,
				23EFC5671A3F40F1003667D0 /* AppDelegate.m */,
				23EFC5861A3F4110003667D0 /* TableViewController.h */,
				23EFC5871A3F4110003667D0 /* TableViewController.m */,
				23EFC5881A3F4110003667D0 /* TableViewController.xib */,
				23C03E371A3F9B3B00A54855 /* ViewController.h */,
				23C03E381A3F9B3B00A54855 /* ViewController.m */,
				23C03E391A3F9B3B00A54855 /* ViewController.xib */,
				2349E0B81A47919B00F33631 /* secondView.h */,
				2349E0B91A47919B00F33631 /* secondView.m */,
				2349E0BA1A47919B00F33631 /* secondView.xib */,
				23A9FE921A586C2B00E76335 /* searchNameView.h */,
				23A9FE931A586C2B00E76335 /* searchNameView.m */,
				23A9FE941A586C2B00E76335 /* searchNameView.xib */,
				2361EA5C1A597C4E0060B49B /* testView.h */,
				2361EA5D1A597C4E0060B49B /* testView.m */,
				23EFC5691A3F40F1003667D0 /* Images.xcassets */,
				23EFC55F1A3F40F1003667D0 /* GoldenScissors-Info.plist */,
				23EFC55E1A3F40F1003667D0 /* Supporting Files */,
			);
			name = GoldenBastard;
			path = GoldenScissors;
			sourceTree = "<group>";
		};
		23EFC55E1A3F40F1003667D0 /* Supporting Files */ = {
			isa = PBXGroup;
			children = (
				23EFC5601A3F40F1003667D0 /* InfoPlist.strings */,
				23EFC5631A3F40F1003667D0 /* main.m */,
				23EFC5651A3F40F1003667D0 /* GoldenScissors-Prefix.pch */,
			);
			name = "Supporting Files";
			sourceTree = "<group>";
		};
		23EFC5761A3F40F1003667D0 /* GoldenScissorsTests */ = {
			isa = PBXGroup;
			children = (
				23EFC57C1A3F40F1003667D0 /* GoldenScissorsTests.m */,
				23EFC5771A3F40F1003667D0 /* Supporting Files */,
			);
			path = GoldenScissorsTests;
			sourceTree = "<group>";
		};
		23EFC5771A3F40F1003667D0 /* Supporting Files */ = {
			isa = PBXGroup;
			children = (
				23EFC5781A3F40F1003667D0 /* GoldenScissorsTests-Info.plist */,
				23EFC5791A3F40F1003667D0 /* InfoPlist.strings */,
			);
			name = "Supporting Files";
			sourceTree = "<group>";
		};
/* End PBXGroup section */

/* Begin PBXNativeTarget section */
		23EFC5531A3F40F1003667D0 /* GoldenScissors */ = {
			isa = PBXNativeTarget;
			buildConfigurationList = 23EFC5801A3F40F1003667D0 /* Build configuration list for PBXNativeTarget "GoldenScissors" */;
			buildPhases = (
				23EFC5501A3F40F1003667D0 /* Sources */,
				23EFC5511A3F40F1003667D0 /* Frameworks */,
				23EFC5521A3F40F1003667D0 /* Resources */,
			);
			buildRules = (
			);
			dependencies = (
			);
			name = GoldenScissors;
			productName = GoldenScissors;
			productReference = 23EFC5541A3F40F1003667D0 /* GoldenScissors.app */;
			productType = "com.apple.product-type.application";
		};
		23EFC56E1A3F40F1003667D0 /* GoldenScissorsTests */ = {
			isa = PBXNativeTarget;
			buildConfigurationList = 23EFC5831A3F40F1003667D0 /* Build configuration list for PBXNativeTarget "GoldenScissorsTests" */;
			buildPhases = (
				23EFC56B1A3F40F1003667D0 /* Sources */,
				23EFC56C1A3F40F1003667D0 /* Frameworks */,
				23EFC56D1A3F40F1003667D0 /* Resources */,
			);
			buildRules = (
			);
			dependencies = (
				23EFC5751A3F40F1003667D0 /* PBXTargetDependency */,
			);
			name = GoldenScissorsTests;
			productName = GoldenScissorsTests;
			productReference = 23EFC56F1A3F40F1003667D0 /* GoldenScissorsTests.xctest */;
			productType = "com.apple.product-type.bundle.unit-test";
		};
/* End PBXNativeTarget section */

/* Begin PBXProject section */
		23EFC54C1A3F40F1003667D0 /* Project object */ = {
			isa = PBXProject;
			attributes = {
				LastUpgradeCheck = 0510;
				ORGANIZATIONNAME = EventHorizon;
				TargetAttributes = {
					23EFC5531A3F40F1003667D0 = {
						DevelopmentTeam = 6325EG346L;
						SystemCapabilities = {
							com.apple.iCloud = {
								enabled = 1;
							};
						};
					};
					23EFC56E1A3F40F1003667D0 = {
						TestTargetID = 23EFC5531A3F40F1003667D0;
					};
				};
			};
			buildConfigurationList = 23EFC54F1A3F40F1003667D0 /* Build configuration list for PBXProject "GoldenScissors" */;
			compatibilityVersion = "Xcode 3.2";
			developmentRegion = English;
			hasScannedForEncodings = 0;
			knownRegions = (
				en,
			);
			mainGroup = 23EFC54B1A3F40F1003667D0;
			productRefGroup = 23EFC5551A3F40F1003667D0 /* Products */;
			projectDirPath = "";
			projectRoot = "";
			targets = (
				23EFC5531A3F40F1003667D0 /* GoldenScissors */,
				23EFC56E1A3F40F1003667D0 /* GoldenScissorsTests */,
			);
		};
/* End PBXProject section */

/* Begin PBXResourcesBuildPhase section */
		23EFC5521A3F40F1003667D0 /* Resources */ = {
			isa = PBXResourcesBuildPhase;
			buildActionMask = 2147483647;
			files = (
				23EFC58A1A3F4110003667D0 /* TableViewController.xib in Resources */,
				23A9FE961A586C2B00E76335 /* searchNameView.xib in Resources */,
				2349E0BC1A47919B00F33631 /* secondView.xib in Resources */,
				23EFC5621A3F40F1003667D0 /* InfoPlist.strings in Resources */,
				23C03E3B1A3F9B3B00A54855 /* ViewController.xib in Resources */,
				23EFC56A1A3F40F1003667D0 /* Images.xcassets in Resources */,
			);
			runOnlyForDeploymentPostprocessing = 0;
		};
		23EFC56D1A3F40F1003667D0 /* Resources */ = {
			isa = PBXResourcesBuildPhase;
			buildActionMask = 2147483647;
			files = (
				23EFC57B1A3F40F1003667D0 /* InfoPlist.strings in Resources */,
			);
			runOnlyForDeploymentPostprocessing = 0;
		};
/* End PBXResourcesBuildPhase section */

/* Begin PBXSourcesBuildPhase section */
		23EFC5501A3F40F1003667D0 /* Sources */ = {
			isa = PBXSourcesBuildPhase;
			buildActionMask = 2147483647;
			files = (
				23EFC5681A3F40F1003667D0 /* AppDelegate.m in Sources */,
				2318CCCA1A62B5A70098A9FC /* APElement.m in Sources */,
				23EFC5891A3F4110003667D0 /* TableViewController.m in Sources */,
				23C03E3A1A3F9B3B00A54855 /* ViewController.m in Sources */,
				23A573FD1A6321E10021759E /* MyDocument.m in Sources */,
				2361EA5F1A597C4E0060B49B /* testView.m in Sources */,
				2349E0BB1A47919B00F33631 /* secondView.m in Sources */,
				23EFC5641A3F40F1003667D0 /* main.m in Sources */,
				23A9FE951A586C2B00E76335 /* searchNameView.m in Sources */,
				2318CCC71A62B5280098A9FC /* APDocument.m in Sources */,
				2318CCCD1A62B5E80098A9FC /* APAttribute.m in Sources */,
			);
			runOnlyForDeploymentPostprocessing = 0;
		};
		23EFC56B1A3F40F1003667D0 /* Sources */ = {
			isa = PBXSourcesBuildPhase;
			buildActionMask = 2147483647;
			files = (
				23EFC57D1A3F40F1003667D0 /* GoldenScissorsTests.m in Sources */,
			);
			runOnlyForDeploymentPostprocessing = 0;
		};
/* End PBXSourcesBuildPhase section */

/* Begin PBXTargetDependency section */
		23EFC5751A3F40F1003667D0 /* PBXTargetDependency */ = {
			isa = PBXTargetDependency;
			target = 23EFC5531A3F40F1003667D0 /* GoldenScissors */;
			targetProxy = 23EFC5741A3F40F1003667D0 /* PBXContainerItemProxy */;
		};
/* End PBXTargetDependency section */

/* Begin PBXVariantGroup section */
		23EFC5601A3F40F1003667D0 /* InfoPlist.strings */ = {
			isa = PBXVariantGroup;
			children = (
				23EFC5611A3F40F1003667D0 /* en */,
			);
			name = InfoPlist.strings;
			sourceTree = "<group>";
		};
		23EFC5791A3F40F1003667D0 /* InfoPlist.strings */ = {
			isa = PBXVariantGroup;
			children = (
				23EFC57A1A3F40F1003667D0 /* en */,
			);
			name = InfoPlist.strings;
			sourceTree = "<group>";
		};
/* End PBXVariantGroup section */

/* Begin XCBuildConfiguration section */
		23EFC57E1A3F40F1003667D0 /* Debug */ = {
			isa = XCBuildConfiguration;
			buildSettings = {
				ALWAYS_SEARCH_USER_PATHS = NO;
				CLANG_CXX_LANGUAGE_STANDARD = "gnu++0x";
				CLANG_CXX_LIBRARY = "libc++";
				CLANG_ENABLE_MODULES = YES;
				CLANG_ENABLE_OBJC_ARC = YES;
				CLANG_WARN_BOOL_CONVERSION = YES;
				CLANG_WARN_CONSTANT_CONVERSION = YES;
				CLANG_WARN_DIRECT_OBJC_ISA_USAGE = YES_ERROR;
				CLANG_WARN_EMPTY_BODY = YES;
				CLANG_WARN_ENUM_CONVERSION = YES;
				CLANG_WARN_INT_CONVERSION = YES;
				CLANG_WARN_OBJC_ROOT_CLASS = YES_ERROR;
				CLANG_WARN__DUPLICATE_METHOD_MATCH = YES;
				"CODE_SIGN_IDENTITY[sdk=iphoneos*]" = "iPhone Developer";
				COPY_PHASE_STRIP = NO;
				GCC_C_LANGUAGE_STANDARD = gnu99;
				GCC_DYNAMIC_NO_PIC = NO;
				GCC_OPTIMIZATION_LEVEL = 0;
				GCC_PREPROCESSOR_DEFINITIONS = (
					"DEBUG=1",
					"$(inherited)",
				);
				GCC_SYMBOLS_PRIVATE_EXTERN = NO;
				GCC_WARN_64_TO_32_BIT_CONVERSION = YES;
				GCC_WARN_ABOUT_RETURN_TYPE = YES_ERROR;
				GCC_WARN_UNDECLARED_SELECTOR = YES;
				GCC_WARN_UNINITIALIZED_AUTOS = YES_AGGRESSIVE;
				GCC_WARN_UNUSED_FUNCTION = YES;
				GCC_WARN_UNUSED_VARIABLE = YES;
				IPHONEOS_DEPLOYMENT_TARGET = 7.1;
				ONLY_ACTIVE_ARCH = YES;
				SDKROOT = iphoneos;
			};
			name = Debug;
		};
		23EFC57F1A3F40F1003667D0 /* Release */ = {
			isa = XCBuildConfiguration;
			buildSettings = {
				ALWAYS_SEARCH_USER_PATHS = NO;
				CLANG_CXX_LANGUAGE_STANDARD = "gnu++0x";
				CLANG_CXX_LIBRARY = "libc++";
				CLANG_ENABLE_MODULES = YES;
				CLANG_ENABLE_OBJC_ARC = YES;
				CLANG_WARN_BOOL_CONVERSION = YES;
				CLANG_WARN_CONSTANT_CONVERSION = YES;
				CLANG_WARN_DIRECT_OBJC_ISA_USAGE = YES_ERROR;
				CLANG_WARN_EMPTY_BODY = YES;
				CLANG_WARN_ENUM_CONVERSION = YES;
				CLANG_WARN_INT_CONVERSION = YES;
				CLANG_WARN_OBJC_ROOT_CLASS = YES_ERROR;
				CLANG_WARN__DUPLICATE_METHOD_MATCH = YES;
				"CODE_SIGN_IDENTITY[sdk=iphoneos*]" = "iPhone Developer";
				COPY_PHASE_STRIP = YES;
				ENABLE_NS_ASSERTIONS = NO;
				GCC_C_LANGUAGE_STANDARD = gnu99;
				GCC_WARN_64_TO_32_BIT_CONVERSION = YES;
				GCC_WARN_ABOUT_RETURN_TYPE = YES_ERROR;
				GCC_WARN_UNDECLARED_SELECTOR = YES;
				GCC_WARN_UNINITIALIZED_AUTOS = YES_AGGRESSIVE;
				GCC_WARN_UNUSED_FUNCTION = YES;
				GCC_WARN_UNUSED_VARIABLE = YES;
				IPHONEOS_DEPLOYMENT_TARGET = 7.1;
				SDKROOT = iphoneos;
				VALIDATE_PRODUCT = YES;
			};
			name = Release;
		};
		23EFC5811A3F40F1003667D0 /* Debug */ = {
			isa = XCBuildConfiguration;
			buildSettings = {
				ASSETCATALOG_COMPILER_APPICON_NAME = AppIcon;
				ASSETCATALOG_COMPILER_LAUNCHIMAGE_NAME = LaunchImage;
				CODE_SIGN_ENTITLEMENTS = GoldenScissors/GoldenScissors.entitlements;
				CODE_SIGN_IDENTITY = "iPhone Developer";
				"CODE_SIGN_IDENTITY[sdk=iphoneos*]" = "iPhone Developer";
				GCC_PRECOMPILE_PREFIX_HEADER = YES;
				GCC_PREFIX_HEADER = "GoldenScissors/GoldenScissors-Prefix.pch";
				INFOPLIST_FILE = "GoldenScissors/GoldenScissors-Info.plist";
				LIBRARY_SEARCH_PATHS = (
					"$(inherited)",
					"$(PROJECT_DIR)/GoldenScissors",
				);
				PRODUCT_NAME = "$(TARGET_NAME)";
				PROVISIONING_PROFILE = "";
				WRAPPER_EXTENSION = app;
			};
			name = Debug;
		};
		23EFC5821A3F40F1003667D0 /* Release */ = {
			isa = XCBuildConfiguration;
			buildSettings = {
				ASSETCATALOG_COMPILER_APPICON_NAME = AppIcon;
				ASSETCATALOG_COMPILER_LAUNCHIMAGE_NAME = LaunchImage;
				CODE_SIGN_ENTITLEMENTS = GoldenScissors/GoldenScissors.entitlements;
				CODE_SIGN_IDENTITY = "iPhone Developer";
				"CODE_SIGN_IDENTITY[sdk=iphoneos*]" = "iPhone Developer";
				GCC_PRECOMPILE_PREFIX_HEADER = YES;
				GCC_PREFIX_HEADER = "GoldenScissors/GoldenScissors-Prefix.pch";
				INFOPLIST_FILE = "GoldenScissors/GoldenScissors-Info.plist";
				LIBRARY_SEARCH_PATHS = (
					"$(inherited)",
					"$(PROJECT_DIR)/GoldenScissors",
				);
				PRODUCT_NAME = "$(TARGET_NAME)";
				PROVISIONING_PROFILE = "";
				WRAPPER_EXTENSION = app;
			};
			name = Release;
		};
		23EFC5841A3F40F1003667D0 /* Debug */ = {
			isa = XCBuildConfiguration;
			buildSettings = {
				BUNDLE_LOADER = "$(BUILT_PRODUCTS_DIR)/GoldenScissors.app/GoldenScissors";
				FRAMEWORK_SEARCH_PATHS = (
					"$(SDKROOT)/Developer/Library/Frameworks",
					"$(inherited)",
					"$(DEVELOPER_FRAMEWORKS_DIR)",
				);
				GCC_PRECOMPILE_PREFIX_HEADER = YES;
				GCC_PREFIX_HEADER = "GoldenScissors/GoldenScissors-Prefix.pch";
				GCC_PREPROCESSOR_DEFINITIONS = (
					"DEBUG=1",
					"$(inherited)",
				);
				INFOPLIST_FILE = "GoldenScissorsTests/GoldenScissorsTests-Info.plist";
				PRODUCT_NAME = "$(TARGET_NAME)";
				TEST_HOST = "$(BUNDLE_LOADER)";
				WRAPPER_EXTENSION = xctest;
			};
			name = Debug;
		};
		23EFC5851A3F40F1003667D0 /* Release */ = {
			isa = XCBuildConfiguration;
			buildSettings = {
				BUNDLE_LOADER = "$(BUILT_PRODUCTS_DIR)/GoldenScissors.app/GoldenScissors";
				FRAMEWORK_SEARCH_PATHS = (
					"$(SDKROOT)/Developer/Library/Frameworks",
					"$(inherited)",
					"$(DEVELOPER_FRAMEWORKS_DIR)",
				);
				GCC_PRECOMPILE_PREFIX_HEADER = YES;
				GCC_PREFIX_HEADER = "GoldenScissors/GoldenScissors-Prefix.pch";
				INFOPLIST_FILE = "GoldenScissorsTests/GoldenScissorsTests-Info.plist";
				PRODUCT_NAME = "$(TARGET_NAME)";
				TEST_HOST = "$(BUNDLE_LOADER)";
				WRAPPER_EXTENSION = xctest;
			};
			name = Release;
		};
/* End XCBuildConfiguration section */

/* Begin XCConfigurationList section */
		23EFC54F1A3F40F1003667D0 /* Build configuration list for PBXProject "GoldenScissors" */ = {
			isa = XCConfigurationList;
			buildConfigurations = (
				23EFC57E1A3F40F1003667D0 /* Debug */,
				23EFC57F1A3F40F1003667D0 /* Release */,
			);
			defaultConfigurationIsVisible = 0;
			defaultConfigurationName = Release;
		};
		23EFC5801A3F40F1003667D0 /* Build configuration list for PBXNativeTarget "GoldenScissors" */ = {
			isa = XCConfigurationList;
			buildConfigurations = (
				23EFC5811A3F40F1003667D0 /* Debug */,
				23EFC5821A3F40F1003667D0 /* Release */,
			);
			defaultConfigurationIsVisible = 0;
			defaultConfigurationName = Release;
		};
		23EFC5831A3F40F1003667D0 /* Build configuration list for PBXNativeTarget "GoldenScissorsTests" */ = {
			isa = XCConfigurationList;
			buildConfigurations = (
				23EFC5841A3F40F1003667D0 /* Debug */,
				23EFC5851A3F40F1003667D0 /* Release */,
			);
			defaultConfigurationIsVisible = 0;
			defaultConfigurationName = Release;
		};
/* End XCConfigurationList section */
	};
	rootObject = 23EFC54C1A3F40F1003667D0 /* Project object */;
}
